
Microsoft Visual Studio Solution File, Format Version 12.00
# Visual Studio Version 17
VisualStudioVersion = 17.1.32228.430
MinimumVisualStudioVersion = 10.0.40219.1
Project("{FAE04EC0-301F-11D3-BF4B-00C04F79EFBC}") = "GFDA", "GFDA\GFDA.csproj", "{991DEFEF-77B8-4036-8B31-43BB88D6966A}"
EndProject
Global
	GlobalSection(SolutionConfigurationPlatforms) = preSolution
		Debug|Any CPU = Debug|Any CPU
		Debug|ARM = Debug|ARM
		Debug|iPhone = Debug|iPhone
		Debug|iPhoneSimulator = Debug|iPhoneSimulator
		Debug|x64 = Debug|x64
		Debug|x86 = Debug|x86
		Release|Any CPU = Release|Any CPU
		Release|ARM = Release|ARM
		Release|iPhone = Release|iPhone
		Release|iPhoneSimulator = Release|iPhoneSimulator
		Release|x64 = Release|x64
		Release|x86 = Release|x86
	EndGlobalSection
	GlobalSection(ProjectConfigurationPlatforms) = postSolution
		{991DEFEF-77B8-4036-8B31-43BB88D6966A}.Debug|Any CPU.ActiveCfg = Debug|Any CPU
		{991DEFEF-77B8-4036-8B31-43BB88D6966A}.Debug|Any CPU.Build.0 = Debug|Any CPU
		{991DEFEF-77B8-4036-8B31-43BB88D6966A}.Debug|Any CPU.Deploy.0 = Debug|Any CPU
		{991DEFEF-77B8-4036-8B31-43BB88D6966A}.Debug|ARM.ActiveCfg = Debug|Any CPU
		{991DEFEF-77B8-4036-8B31-43BB88D6966A}.Debug|ARM.Build.0 = Debug|Any CPU
		{991DEFEF-77B8-4036-8B31-43BB88D6966A}.Debug|ARM.Deploy.0 = Debug|Any CPU
		{991DEFEF-77B8-4036-8B31-43BB88D6966A}.Debug|iPhone.ActiveCfg = Debug|Any CPU
		{991DEFEF-77B8-4036-8B31-43BB88D6966A}.Debug|iPhone.Build.0 = Debug|Any CPU
		{991DEFEF-77B8-4036-8B31-43BB88D6966A}.Debug|iPhone.Deploy.0 = Debug|Any CPU
		{991DEFEF-77B8-4036-8B31-43BB88D6966A}.Debug|iPhoneSimulator.ActiveCfg = Debug|Any CPU
		{991DEFEF-77B8-4036-8B31-43BB88D6966A}.Debug|iPhoneSimulator.Build.0 = Debug|Any CPU
		{991DEFEF-77B8-4036-8B31-43BB88D6966A}.Debug|iPhoneSimulator.Deploy.0 = Debug|Any CPU
		{991DEFEF-77B8-4036-8B31-43BB88D6966A}.Debug|x64.ActiveCfg = Debug|Any CPU
		{991DEFEF-77B8-4036-8B31-43BB88D6966A}.Debug|x64.Build.0 = Debug|Any CPU
		{991DEFEF-77B8-4036-8B31-43BB88D6966A}.Debug|x64.Deploy.0 = Debug|Any CPU
		{991DEFEF-77B8-4036-8B31-43BB88D6966A}.Debug|x86.ActiveCfg = Debug|Any CPU
		{991DEFEF-77B8-4036-8B31-43BB88D6966A}.Debug|x86.Build.0 = Debug|Any CPU
		{991DEFEF-77B8-4036-8B31-43BB88D6966A}.Debug|x86.Deploy.0 = Debug|Any CPU
		{991DEFEF-77B8-4036-8B31-43BB88D6966A}.Release|Any CPU.ActiveCfg = Release|Any CPU
		{991DEFEF-77B8-4036-8B31-43BB88D6966A}.Release|Any CPU.Build.0 = Release|Any CPU
		{991DEFEF-77B8-4036-8B31-43BB88D6966A}.Release|Any CPU.Deploy.0 = Release|Any CPU
		{991DEFEF-77B8-4036-8B31-43BB88D6966A}.Release|ARM.ActiveCfg = Release|Any CPU
		{991DEFEF-77B8-4036-8B31-43BB88D6966A}.Release|ARM.Build.0 = Release|Any CPU
		{991DEFEF-77B8-4036-8B31-43BB88D6966A}.Release|ARM.Deploy.0 = Release|Any CPU
		{991DEFEF-77B8-4036-8B31-43BB88D6966A}.Release|iPhone.ActiveCfg = Release|Any CPU
		{991DEFEF-77B8-4036-8B31-43BB88D6966A}.Release|iPhone.Build.0 = Release|Any CPU
		{991DEFEF-77B8-4036-8B31-43BB88D6966A}.Release|iPhone.Deploy.0 = Release|Any CPU
		{991DEFEF-77B8-4036-8B31-43BB88D6966A}.Release|iPhoneSimulator.ActiveCfg = Release|Any CPU
		{991DEFEF-77B8-4036-8B31-43BB88D6966A}.Release|iPhoneSimulator.Build.0 = Release|Any CPU
		{991DEFEF-77B8-4036-8B31-43BB88D6966A}.Release|iPhoneSimulator.Deploy.0 = Release|Any CPU
		{991DEFEF-77B8-4036-8B31-43BB88D6966A}.Release|x64.ActiveCfg = Release|Any CPU
		{991DEFEF-77B8-4036-8B31-43BB88D6966A}.Release|x64.Build.0 = Release|Any CPU
		{991DEFEF-77B8-4036-8B31-43BB88D6966A}.Release|x64.Deploy.0 = Release|Any CPU
		{991DEFEF-77B8-4036-8B31-43BB88D6966A}.Release|x86.ActiveCfg = Release|Any CPU
		{991DEFEF-77B8-4036-8B31-43BB88D6966A}.Release|x86.Build.0 = Release|Any CPU
		{991DEFEF-77B8-4036-8B31-43BB88D6966A}.Release|x86.Deploy.0 = Release|Any CPU
	EndGlobalSection
	GlobalSection(SolutionProperties) = preSolution
		HideSolutionNode = FALSE
	EndGlobalSection
	GlobalSection(ExtensibilityGlobals) = postSolution
		SolutionGuid = {EE6C0A1C-A715-443D-8E50-A04BC43D697C}
	EndGlobalSection
EndGlobal
