
Microsoft Visual Studio Solution File, Format Version 12.00
# Visual Studio Version 16
VisualStudioVersion = 16.0.29009.5
MinimumVisualStudioVersion = 10.0.40219.1
Project("{FAE04EC0-301F-11D3-BF4B-00C04F79EFBC}") = "GFD-XF.UWP", "GFD-XF\GFD-XF.UWP\GFD-XF.UWP.csproj", "{E70CB846-D99D-4FFA-8149-F12684350606}"
EndProject
Project("{FAE04EC0-301F-11D3-BF4B-00C04F79EFBC}") = "GFD-XF.Android", "GFD-XF\GFD-XF.Android\GFD-XF.Android.csproj", "{66BDE195-236B-49C8-9F33-A09D03255636}"
EndProject
Project("{FAE04EC0-301F-11D3-BF4B-00C04F79EFBC}") = "GFD-XF.iOS", "GFD-XF\GFD-XF.iOS\GFD-XF.iOS.csproj", "{3A46283C-58B8-43C4-A8FB-D7B0A8A8391B}"
EndProject
Project("{9A19103F-16F7-4668-BE54-9A1E7A4F7556}") = "GFD-XF", "GFD-XF\GFD-XF\GFD-XF.csproj", "{C01FB5BD-78C6-431D-816E-1A4802985409}"
EndProject
Project("{FAE04EC0-301F-11D3-BF4B-00C04F79EFBC}") = "GFDA", "GFDA\GFDA.csproj", "{991DEFEF-77B8-4036-8B31-43BB88D6966A}"
EndProject
Global
	GlobalSection(SolutionConfigurationPlatforms) = preSolution
		Debug|Any CPU = Debug|Any CPU
		Debug|ARM = Debug|ARM
		Debug|iPhone = Debug|iPhone
		Debug|iPhoneSimulator = Debug|iPhoneSimulator
		Debug|x64 = Debug|x64
		Debug|x86 = Debug|x86
		Release|Any CPU = Release|Any CPU
		Release|ARM = Release|ARM
		Release|iPhone = Release|iPhone
		Release|iPhoneSimulator = Release|iPhoneSimulator
		Release|x64 = Release|x64
		Release|x86 = Release|x86
	EndGlobalSection
	GlobalSection(ProjectConfigurationPlatforms) = postSolution
		{E70CB846-D99D-4FFA-8149-F12684350606}.Debug|Any CPU.ActiveCfg = Debug|x86
		{E70CB846-D99D-4FFA-8149-F12684350606}.Debug|ARM.ActiveCfg = Debug|ARM
		{E70CB846-D99D-4FFA-8149-F12684350606}.Debug|ARM.Build.0 = Debug|ARM
		{E70CB846-D99D-4FFA-8149-F12684350606}.Debug|ARM.Deploy.0 = Debug|ARM
		{E70CB846-D99D-4FFA-8149-F12684350606}.Debug|iPhone.ActiveCfg = Debug|x86
		{E70CB846-D99D-4FFA-8149-F12684350606}.Debug|iPhoneSimulator.ActiveCfg = Debug|x86
		{E70CB846-D99D-4FFA-8149-F12684350606}.Debug|x64.ActiveCfg = Debug|x64
		{E70CB846-D99D-4FFA-8149-F12684350606}.Debug|x64.Build.0 = Debug|x64
		{E70CB846-D99D-4FFA-8149-F12684350606}.Debug|x64.Deploy.0 = Debug|x64
		{E70CB846-D99D-4FFA-8149-F12684350606}.Debug|x86.ActiveCfg = Debug|x86
		{E70CB846-D99D-4FFA-8149-F12684350606}.Debug|x86.Build.0 = Debug|x86
		{E70CB846-D99D-4FFA-8149-F12684350606}.Debug|x86.Deploy.0 = Debug|x86
		{E70CB846-D99D-4FFA-8149-F12684350606}.Release|Any CPU.ActiveCfg = Release|x86
		{E70CB846-D99D-4FFA-8149-F12684350606}.Release|ARM.ActiveCfg = Release|ARM
		{E70CB846-D99D-4FFA-8149-F12684350606}.Release|ARM.Build.0 = Release|ARM
		{E70CB846-D99D-4FFA-8149-F12684350606}.Release|ARM.Deploy.0 = Release|ARM
		{E70CB846-D99D-4FFA-8149-F12684350606}.Release|iPhone.ActiveCfg = Release|x86
		{E70CB846-D99D-4FFA-8149-F12684350606}.Release|iPhoneSimulator.ActiveCfg = Release|x86
		{E70CB846-D99D-4FFA-8149-F12684350606}.Release|x64.ActiveCfg = Release|x64
		{E70CB846-D99D-4FFA-8149-F12684350606}.Release|x64.Build.0 = Release|x64
		{E70CB846-D99D-4FFA-8149-F12684350606}.Release|x64.Deploy.0 = Release|x64
		{E70CB846-D99D-4FFA-8149-F12684350606}.Release|x86.ActiveCfg = Release|x86
		{E70CB846-D99D-4FFA-8149-F12684350606}.Release|x86.Build.0 = Release|x86
		{E70CB846-D99D-4FFA-8149-F12684350606}.Release|x86.Deploy.0 = Release|x86
		{66BDE195-236B-49C8-9F33-A09D03255636}.Debug|Any CPU.ActiveCfg = Debug|Any CPU
		{66BDE195-236B-49C8-9F33-A09D03255636}.Debug|Any CPU.Build.0 = Debug|Any CPU
		{66BDE195-236B-49C8-9F33-A09D03255636}.Debug|Any CPU.Deploy.0 = Debug|Any CPU
		{66BDE195-236B-49C8-9F33-A09D03255636}.Debug|ARM.ActiveCfg = Debug|Any CPU
		{66BDE195-236B-49C8-9F33-A09D03255636}.Debug|ARM.Build.0 = Debug|Any CPU
		{66BDE195-236B-49C8-9F33-A09D03255636}.Debug|ARM.Deploy.0 = Debug|Any CPU
		{66BDE195-236B-49C8-9F33-A09D03255636}.Debug|iPhone.ActiveCfg = Debug|Any CPU
		{66BDE195-236B-49C8-9F33-A09D03255636}.Debug|iPhone.Build.0 = Debug|Any CPU
		{66BDE195-236B-49C8-9F33-A09D03255636}.Debug|iPhone.Deploy.0 = Debug|Any CPU
		{66BDE195-236B-49C8-9F33-A09D03255636}.Debug|iPhoneSimulator.ActiveCfg = Debug|Any CPU
		{66BDE195-236B-49C8-9F33-A09D03255636}.Debug|iPhoneSimulator.Build.0 = Debug|Any CPU
		{66BDE195-236B-49C8-9F33-A09D03255636}.Debug|iPhoneSimulator.Deploy.0 = Debug|Any CPU
		{66BDE195-236B-49C8-9F33-A09D03255636}.Debug|x64.ActiveCfg = Debug|Any CPU
		{66BDE195-236B-49C8-9F33-A09D03255636}.Debug|x64.Build.0 = Debug|Any CPU
		{66BDE195-236B-49C8-9F33-A09D03255636}.Debug|x64.Deploy.0 = Debug|Any CPU
		{66BDE195-236B-49C8-9F33-A09D03255636}.Debug|x86.ActiveCfg = Debug|Any CPU
		{66BDE195-236B-49C8-9F33-A09D03255636}.Debug|x86.Build.0 = Debug|Any CPU
		{66BDE195-236B-49C8-9F33-A09D03255636}.Debug|x86.Deploy.0 = Debug|Any CPU
		{66BDE195-236B-49C8-9F33-A09D03255636}.Release|Any CPU.ActiveCfg = Release|Any CPU
		{66BDE195-236B-49C8-9F33-A09D03255636}.Release|Any CPU.Build.0 = Release|Any CPU
		{66BDE195-236B-49C8-9F33-A09D03255636}.Release|Any CPU.Deploy.0 = Release|Any CPU
		{66BDE195-236B-49C8-9F33-A09D03255636}.Release|ARM.ActiveCfg = Release|Any CPU
		{66BDE195-236B-49C8-9F33-A09D03255636}.Release|ARM.Build.0 = Release|Any CPU
		{66BDE195-236B-49C8-9F33-A09D03255636}.Release|ARM.Deploy.0 = Release|Any CPU
		{66BDE195-236B-49C8-9F33-A09D03255636}.Release|iPhone.ActiveCfg = Release|Any CPU
		{66BDE195-236B-49C8-9F33-A09D03255636}.Release|iPhone.Build.0 = Release|Any CPU
		{66BDE195-236B-49C8-9F33-A09D03255636}.Release|iPhone.Deploy.0 = Release|Any CPU
		{66BDE195-236B-49C8-9F33-A09D03255636}.Release|iPhoneSimulator.ActiveCfg = Release|Any CPU
		{66BDE195-236B-49C8-9F33-A09D03255636}.Release|iPhoneSimulator.Build.0 = Release|Any CPU
		{66BDE195-236B-49C8-9F33-A09D03255636}.Release|iPhoneSimulator.Deploy.0 = Release|Any CPU
		{66BDE195-236B-49C8-9F33-A09D03255636}.Release|x64.ActiveCfg = Release|Any CPU
		{66BDE195-236B-49C8-9F33-A09D03255636}.Release|x64.Build.0 = Release|Any CPU
		{66BDE195-236B-49C8-9F33-A09D03255636}.Release|x64.Deploy.0 = Release|Any CPU
		{66BDE195-236B-49C8-9F33-A09D03255636}.Release|x86.ActiveCfg = Release|Any CPU
		{66BDE195-236B-49C8-9F33-A09D03255636}.Release|x86.Build.0 = Release|Any CPU
		{66BDE195-236B-49C8-9F33-A09D03255636}.Release|x86.Deploy.0 = Release|Any CPU
		{3A46283C-58B8-43C4-A8FB-D7B0A8A8391B}.Debug|Any CPU.ActiveCfg = Debug|iPhone
		{3A46283C-58B8-43C4-A8FB-D7B0A8A8391B}.Debug|ARM.ActiveCfg = Debug|iPhone
		{3A46283C-58B8-43C4-A8FB-D7B0A8A8391B}.Debug|iPhone.ActiveCfg = Debug|iPhone
		{3A46283C-58B8-43C4-A8FB-D7B0A8A8391B}.Debug|iPhone.Build.0 = Debug|iPhone
		{3A46283C-58B8-43C4-A8FB-D7B0A8A8391B}.Debug|iPhoneSimulator.ActiveCfg = Debug|iPhoneSimulator
		{3A46283C-58B8-43C4-A8FB-D7B0A8A8391B}.Debug|iPhoneSimulator.Build.0 = Debug|iPhoneSimulator
		{3A46283C-58B8-43C4-A8FB-D7B0A8A8391B}.Debug|x64.ActiveCfg = Debug|iPhone
		{3A46283C-58B8-43C4-A8FB-D7B0A8A8391B}.Debug|x86.ActiveCfg = Debug|iPhone
		{3A46283C-58B8-43C4-A8FB-D7B0A8A8391B}.Release|Any CPU.ActiveCfg = Release|iPhone
		{3A46283C-58B8-43C4-A8FB-D7B0A8A8391B}.Release|ARM.ActiveCfg = Release|iPhone
		{3A46283C-58B8-43C4-A8FB-D7B0A8A8391B}.Release|iPhone.ActiveCfg = Release|iPhone
		{3A46283C-58B8-43C4-A8FB-D7B0A8A8391B}.Release|iPhone.Build.0 = Release|iPhone
		{3A46283C-58B8-43C4-A8FB-D7B0A8A8391B}.Release|iPhoneSimulator.ActiveCfg = Release|iPhoneSimulator
		{3A46283C-58B8-43C4-A8FB-D7B0A8A8391B}.Release|iPhoneSimulator.Build.0 = Release|iPhoneSimulator
		{3A46283C-58B8-43C4-A8FB-D7B0A8A8391B}.Release|x64.ActiveCfg = Release|iPhone
		{3A46283C-58B8-43C4-A8FB-D7B0A8A8391B}.Release|x86.ActiveCfg = Release|iPhone
		{C01FB5BD-78C6-431D-816E-1A4802985409}.Debug|Any CPU.ActiveCfg = Debug|Any CPU
		{C01FB5BD-78C6-431D-816E-1A4802985409}.Debug|Any CPU.Build.0 = Debug|Any CPU
		{C01FB5BD-78C6-431D-816E-1A4802985409}.Debug|ARM.ActiveCfg = Debug|Any CPU
		{C01FB5BD-78C6-431D-816E-1A4802985409}.Debug|ARM.Build.0 = Debug|Any CPU
		{C01FB5BD-78C6-431D-816E-1A4802985409}.Debug|iPhone.ActiveCfg = Debug|Any CPU
		{C01FB5BD-78C6-431D-816E-1A4802985409}.Debug|iPhone.Build.0 = Debug|Any CPU
		{C01FB5BD-78C6-431D-816E-1A4802985409}.Debug|iPhoneSimulator.ActiveCfg = Debug|Any CPU
		{C01FB5BD-78C6-431D-816E-1A4802985409}.Debug|iPhoneSimulator.Build.0 = Debug|Any CPU
		{C01FB5BD-78C6-431D-816E-1A4802985409}.Debug|x64.ActiveCfg = Debug|Any CPU
		{C01FB5BD-78C6-431D-816E-1A4802985409}.Debug|x64.Build.0 = Debug|Any CPU
		{C01FB5BD-78C6-431D-816E-1A4802985409}.Debug|x86.ActiveCfg = Debug|Any CPU
		{C01FB5BD-78C6-431D-816E-1A4802985409}.Debug|x86.Build.0 = Debug|Any CPU
		{C01FB5BD-78C6-431D-816E-1A4802985409}.Release|Any CPU.ActiveCfg = Release|Any CPU
		{C01FB5BD-78C6-431D-816E-1A4802985409}.Release|Any CPU.Build.0 = Release|Any CPU
		{C01FB5BD-78C6-431D-816E-1A4802985409}.Release|ARM.ActiveCfg = Release|Any CPU
		{C01FB5BD-78C6-431D-816E-1A4802985409}.Release|ARM.Build.0 = Release|Any CPU
		{C01FB5BD-78C6-431D-816E-1A4802985409}.Release|iPhone.ActiveCfg = Release|Any CPU
		{C01FB5BD-78C6-431D-816E-1A4802985409}.Release|iPhone.Build.0 = Release|Any CPU
		{C01FB5BD-78C6-431D-816E-1A4802985409}.Release|iPhoneSimulator.ActiveCfg = Release|Any CPU
		{C01FB5BD-78C6-431D-816E-1A4802985409}.Release|iPhoneSimulator.Build.0 = Release|Any CPU
		{C01FB5BD-78C6-431D-816E-1A4802985409}.Release|x64.ActiveCfg = Release|Any CPU
		{C01FB5BD-78C6-431D-816E-1A4802985409}.Release|x64.Build.0 = Release|Any CPU
		{C01FB5BD-78C6-431D-816E-1A4802985409}.Release|x86.ActiveCfg = Release|Any CPU
		{C01FB5BD-78C6-431D-816E-1A4802985409}.Release|x86.Build.0 = Release|Any CPU
		{991DEFEF-77B8-4036-8B31-43BB88D6966A}.Debug|Any CPU.ActiveCfg = Debug|Any CPU
		{991DEFEF-77B8-4036-8B31-43BB88D6966A}.Debug|Any CPU.Build.0 = Debug|Any CPU
		{991DEFEF-77B8-4036-8B31-43BB88D6966A}.Debug|Any CPU.Deploy.0 = Debug|Any CPU
		{991DEFEF-77B8-4036-8B31-43BB88D6966A}.Debug|ARM.ActiveCfg = Debug|Any CPU
		{991DEFEF-77B8-4036-8B31-43BB88D6966A}.Debug|ARM.Build.0 = Debug|Any CPU
		{991DEFEF-77B8-4036-8B31-43BB88D6966A}.Debug|ARM.Deploy.0 = Debug|Any CPU
		{991DEFEF-77B8-4036-8B31-43BB88D6966A}.Debug|iPhone.ActiveCfg = Debug|Any CPU
		{991DEFEF-77B8-4036-8B31-43BB88D6966A}.Debug|iPhone.Build.0 = Debug|Any CPU
		{991DEFEF-77B8-4036-8B31-43BB88D6966A}.Debug|iPhone.Deploy.0 = Debug|Any CPU
		{991DEFEF-77B8-4036-8B31-43BB88D6966A}.Debug|iPhoneSimulator.ActiveCfg = Debug|Any CPU
		{991DEFEF-77B8-4036-8B31-43BB88D6966A}.Debug|iPhoneSimulator.Build.0 = Debug|Any CPU
		{991DEFEF-77B8-4036-8B31-43BB88D6966A}.Debug|iPhoneSimulator.Deploy.0 = Debug|Any CPU
		{991DEFEF-77B8-4036-8B31-43BB88D6966A}.Debug|x64.ActiveCfg = Debug|Any CPU
		{991DEFEF-77B8-4036-8B31-43BB88D6966A}.Debug|x64.Build.0 = Debug|Any CPU
		{991DEFEF-77B8-4036-8B31-43BB88D6966A}.Debug|x64.Deploy.0 = Debug|Any CPU
		{991DEFEF-77B8-4036-8B31-43BB88D6966A}.Debug|x86.ActiveCfg = Debug|Any CPU
		{991DEFEF-77B8-4036-8B31-43BB88D6966A}.Debug|x86.Build.0 = Debug|Any CPU
		{991DEFEF-77B8-4036-8B31-43BB88D6966A}.Debug|x86.Deploy.0 = Debug|Any CPU
		{991DEFEF-77B8-4036-8B31-43BB88D6966A}.Release|Any CPU.ActiveCfg = Release|Any CPU
		{991DEFEF-77B8-4036-8B31-43BB88D6966A}.Release|Any CPU.Build.0 = Release|Any CPU
		{991DEFEF-77B8-4036-8B31-43BB88D6966A}.Release|Any CPU.Deploy.0 = Release|Any CPU
		{991DEFEF-77B8-4036-8B31-43BB88D6966A}.Release|ARM.ActiveCfg = Release|Any CPU
		{991DEFEF-77B8-4036-8B31-43BB88D6966A}.Release|ARM.Build.0 = Release|Any CPU
		{991DEFEF-77B8-4036-8B31-43BB88D6966A}.Release|ARM.Deploy.0 = Release|Any CPU
		{991DEFEF-77B8-4036-8B31-43BB88D6966A}.Release|iPhone.ActiveCfg = Release|Any CPU
		{991DEFEF-77B8-4036-8B31-43BB88D6966A}.Release|iPhone.Build.0 = Release|Any CPU
		{991DEFEF-77B8-4036-8B31-43BB88D6966A}.Release|iPhone.Deploy.0 = Release|Any CPU
		{991DEFEF-77B8-4036-8B31-43BB88D6966A}.Release|iPhoneSimulator.ActiveCfg = Release|Any CPU
		{991DEFEF-77B8-4036-8B31-43BB88D6966A}.Release|iPhoneSimulator.Build.0 = Release|Any CPU
		{991DEFEF-77B8-4036-8B31-43BB88D6966A}.Release|iPhoneSimulator.Deploy.0 = Release|Any CPU
		{991DEFEF-77B8-4036-8B31-43BB88D6966A}.Release|x64.ActiveCfg = Release|Any CPU
		{991DEFEF-77B8-4036-8B31-43BB88D6966A}.Release|x64.Build.0 = Release|Any CPU
		{991DEFEF-77B8-4036-8B31-43BB88D6966A}.Release|x64.Deploy.0 = Release|Any CPU
		{991DEFEF-77B8-4036-8B31-43BB88D6966A}.Release|x86.ActiveCfg = Release|Any CPU
		{991DEFEF-77B8-4036-8B31-43BB88D6966A}.Release|x86.Build.0 = Release|Any CPU
		{991DEFEF-77B8-4036-8B31-43BB88D6966A}.Release|x86.Deploy.0 = Release|Any CPU
	EndGlobalSection
	GlobalSection(SolutionProperties) = preSolution
		HideSolutionNode = FALSE
	EndGlobalSection
	GlobalSection(ExtensibilityGlobals) = postSolution
		SolutionGuid = {EE6C0A1C-A715-443D-8E50-A04BC43D697C}
	EndGlobalSection
EndGlobal
